
Microsoft Visual Studio Solution File, Format Version 12.00
# Visual Studio 15
VisualStudioVersion = 15.0.27428.2015
MinimumVisualStudioVersion = 10.0.40219.1
Project("{FAE04EC0-301F-11D3-BF4B-00C04F79EFBC}") = "pig-challenge", "pig-challange\pig-challenge.csproj", "{8E10700F-AB7D-4FF6-BC39-3AF3A829245A}"
EndProject
Global
	GlobalSection(SolutionConfigurationPlatforms) = preSolution
		Debug|Any CPU = Debug|Any CPU
		Release|Any CPU = Release|Any CPU
	EndGlobalSection
	GlobalSection(ProjectConfigurationPlatforms) = postSolution
		{8E10700F-AB7D-4FF6-BC39-3AF3A829245A}.Debug|Any CPU.ActiveCfg = Debug|Any CPU
		{8E10700F-AB7D-4FF6-BC39-3AF3A829245A}.Debug|Any CPU.Build.0 = Debug|Any CPU
		{8E10700F-AB7D-4FF6-BC39-3AF3A829245A}.Release|Any CPU.ActiveCfg = Release|Any CPU
		{8E10700F-AB7D-4FF6-BC39-3AF3A829245A}.Release|Any CPU.Build.0 = Release|Any CPU
	EndGlobalSection
	GlobalSection(SolutionProperties) = preSolution
		HideSolutionNode = FALSE
	EndGlobalSection
	GlobalSection(ExtensibilityGlobals) = postSolution
		SolutionGuid = {42F59CAD-F75B-4677-A1DA-51852D9FE6C4}
	EndGlobalSection
EndGlobal
